
Microsoft Visual Studio Solution File, Format Version 12.00
# Visual Studio 15
VisualStudioVersion = 15.0.28307.421
MinimumVisualStudioVersion = 10.0.40219.1
Project("{8BC9CEB8-8B4A-11D0-8D11-00A0C91BC942}") = "disassembler", "disassembler\disassembler.vcxproj", "{4F7FF052-994D-42E2-B941-EEC5C42EFF50}"
EndProject
Global
	GlobalSection(SolutionConfigurationPlatforms) = preSolution
		Debug|x64 = Debug|x64
		Release|x64 = Release|x64
	EndGlobalSection
	GlobalSection(ProjectConfigurationPlatforms) = postSolution
		{4F7FF052-994D-42E2-B941-EEC5C42EFF50}.Debug|x64.ActiveCfg = Debug|x64
		{4F7FF052-994D-42E2-B941-EEC5C42EFF50}.Debug|x64.Build.0 = Debug|x64
		{4F7FF052-994D-42E2-B941-EEC5C42EFF50}.Release|x64.ActiveCfg = Release|x64
		{4F7FF052-994D-42E2-B941-EEC5C42EFF50}.Release|x64.Build.0 = Release|x64
	EndGlobalSection
	GlobalSection(SolutionProperties) = preSolution
		HideSolutionNode = FALSE
	EndGlobalSection
	GlobalSection(ExtensibilityGlobals) = postSolution
		SolutionGuid = {0FABBD69-4734-49FE-AB3E-47071EB388C1}
	EndGlobalSection
EndGlobal
